<?xml version="1.0" encoding="utf-8"?>
<Project ToolsVersion="4.0" xmlns="http://schemas.microsoft.com/developer/msbuild/2003">
  <ItemGroup>
    <ClCompile Include="main.cpp" />
    <ClCompile Include="tinyxml2.cpp" />
    <ClCompile Include="pdef_frontend.cpp" />
    <ClCompile Include="pdef_backend.cpp" />
    <ClCompile Include="pdef_cpp.cpp" />
  </ItemGroup>
  <ItemGroup>
    <ClInclude Include="tinyxml2.h" />
    <ClInclude Include="pdef_frontend.h" />
    <ClInclude Include="pdef_backend.h" />
    <ClInclude Include="pdef.h" />
    <ClInclude Include="pdef_cpp.h" />
  </ItemGroup>
  <ItemGroup>
    <None Include="packetdef.xml" />
  </ItemGroup>
</Project>